
Microsoft Visual Studio Solution File, Format Version 12.00
# Visual Studio 15
VisualStudioVersion = 15.0.25807.0
MinimumVisualStudioVersion = 10.0.40219.1
Project("{2150E333-8FDC-42A3-9474-1A3956D46DE8}") = "Engine", "Engine", "{9135111B-7A7F-4477-82A7-A3E603CEB6E3}"
EndProject
Project("{2150E333-8FDC-42A3-9474-1A3956D46DE8}") = "Games", "Games", "{0B1A860C-D31A-44F9-9BF1-7A0DC47365E9}"
EndProject
Project("{8BC9CEB8-8B4A-11D0-8D11-00A0C91BC942}") = "UE4", "Intermediate\ProjectFiles\UE4.vcxproj", "{D0A7C3EB-C40E-4BFA-96E0-44CB2B60047D}"
EndProject
Project("{8BC9CEB8-8B4A-11D0-8D11-00A0C91BC942}") = "VERSION_0", "Intermediate\ProjectFiles\VERSION_0.vcxproj", "{20BD498D-D7BD-41D9-90E1-2AAF75AB0DA6}"
EndProject
Project("{2150E333-8FDC-42A3-9474-1A3956D46DE8}") = "Visualizers", "Visualizers", "{79DCC7F2-080C-4E75-A89A-29E494E53FC4}"
	ProjectSection(SolutionItems) = preProject
		..\Fortnite\UE_4.22\Engine\Extras\VisualStudioDebugging\UE4.natvis = ..\Fortnite\UE_4.22\Engine\Extras\VisualStudioDebugging\UE4.natvis
	EndProjectSection
EndProject
Global
	GlobalSection(SolutionConfigurationPlatforms) = preSolution
		DebugGame Editor|HTML5 = DebugGame Editor|HTML5
		DebugGame Editor|Win32 = DebugGame Editor|Win32
		DebugGame Editor|Win64 = DebugGame Editor|Win64
		DebugGame|HTML5 = DebugGame|HTML5
		DebugGame|Win32 = DebugGame|Win32
		DebugGame|Win64 = DebugGame|Win64
		Development Editor|HTML5 = Development Editor|HTML5
		Development Editor|Win32 = Development Editor|Win32
		Development Editor|Win64 = Development Editor|Win64
		Development|HTML5 = Development|HTML5
		Development|Win32 = Development|Win32
		Development|Win64 = Development|Win64
		Shipping|HTML5 = Shipping|HTML5
		Shipping|Win32 = Shipping|Win32
		Shipping|Win64 = Shipping|Win64
	EndGlobalSection
	GlobalSection(ProjectConfigurationPlatforms) = postSolution
		{D0A7C3EB-C40E-4BFA-96E0-44CB2B60047D}.DebugGame Editor|HTML5.ActiveCfg = BuiltWithUnrealBuildTool|Win32
		{D0A7C3EB-C40E-4BFA-96E0-44CB2B60047D}.DebugGame Editor|Win32.ActiveCfg = BuiltWithUnrealBuildTool|Win32
		{D0A7C3EB-C40E-4BFA-96E0-44CB2B60047D}.DebugGame Editor|Win64.ActiveCfg = BuiltWithUnrealBuildTool|Win32
		{D0A7C3EB-C40E-4BFA-96E0-44CB2B60047D}.DebugGame|HTML5.ActiveCfg = BuiltWithUnrealBuildTool|Win32
		{D0A7C3EB-C40E-4BFA-96E0-44CB2B60047D}.DebugGame|Win32.ActiveCfg = BuiltWithUnrealBuildTool|Win32
		{D0A7C3EB-C40E-4BFA-96E0-44CB2B60047D}.DebugGame|Win64.ActiveCfg = BuiltWithUnrealBuildTool|Win32
		{D0A7C3EB-C40E-4BFA-96E0-44CB2B60047D}.Development Editor|HTML5.ActiveCfg = BuiltWithUnrealBuildTool|Win32
		{D0A7C3EB-C40E-4BFA-96E0-44CB2B60047D}.Development Editor|Win32.ActiveCfg = BuiltWithUnrealBuildTool|Win32
		{D0A7C3EB-C40E-4BFA-96E0-44CB2B60047D}.Development Editor|Win64.ActiveCfg = BuiltWithUnrealBuildTool|Win32
		{D0A7C3EB-C40E-4BFA-96E0-44CB2B60047D}.Development|HTML5.ActiveCfg = BuiltWithUnrealBuildTool|Win32
		{D0A7C3EB-C40E-4BFA-96E0-44CB2B60047D}.Development|Win32.ActiveCfg = BuiltWithUnrealBuildTool|Win32
		{D0A7C3EB-C40E-4BFA-96E0-44CB2B60047D}.Development|Win64.ActiveCfg = BuiltWithUnrealBuildTool|Win32
		{D0A7C3EB-C40E-4BFA-96E0-44CB2B60047D}.Shipping|HTML5.ActiveCfg = BuiltWithUnrealBuildTool|Win32
		{D0A7C3EB-C40E-4BFA-96E0-44CB2B60047D}.Shipping|Win32.ActiveCfg = BuiltWithUnrealBuildTool|Win32
		{D0A7C3EB-C40E-4BFA-96E0-44CB2B60047D}.Shipping|Win64.ActiveCfg = BuiltWithUnrealBuildTool|Win32
		{20BD498D-D7BD-41D9-90E1-2AAF75AB0DA6}.DebugGame Editor|HTML5.ActiveCfg = Invalid|Win32
		{20BD498D-D7BD-41D9-90E1-2AAF75AB0DA6}.DebugGame Editor|Win32.ActiveCfg = Invalid|Win32
		{20BD498D-D7BD-41D9-90E1-2AAF75AB0DA6}.DebugGame Editor|Win64.ActiveCfg = DebugGame_Editor|x64
		{20BD498D-D7BD-41D9-90E1-2AAF75AB0DA6}.DebugGame Editor|Win64.Build.0 = DebugGame_Editor|x64
		{20BD498D-D7BD-41D9-90E1-2AAF75AB0DA6}.DebugGame|HTML5.ActiveCfg = HTML5_DebugGame|Win32
		{20BD498D-D7BD-41D9-90E1-2AAF75AB0DA6}.DebugGame|HTML5.Build.0 = HTML5_DebugGame|Win32
		{20BD498D-D7BD-41D9-90E1-2AAF75AB0DA6}.DebugGame|Win32.ActiveCfg = DebugGame|Win32
		{20BD498D-D7BD-41D9-90E1-2AAF75AB0DA6}.DebugGame|Win32.Build.0 = DebugGame|Win32
		{20BD498D-D7BD-41D9-90E1-2AAF75AB0DA6}.DebugGame|Win64.ActiveCfg = DebugGame|x64
		{20BD498D-D7BD-41D9-90E1-2AAF75AB0DA6}.DebugGame|Win64.Build.0 = DebugGame|x64
		{20BD498D-D7BD-41D9-90E1-2AAF75AB0DA6}.Development Editor|HTML5.ActiveCfg = Invalid|Win32
		{20BD498D-D7BD-41D9-90E1-2AAF75AB0DA6}.Development Editor|Win32.ActiveCfg = Invalid|Win32
		{20BD498D-D7BD-41D9-90E1-2AAF75AB0DA6}.Development Editor|Win64.ActiveCfg = Development_Editor|x64
		{20BD498D-D7BD-41D9-90E1-2AAF75AB0DA6}.Development Editor|Win64.Build.0 = Development_Editor|x64
		{20BD498D-D7BD-41D9-90E1-2AAF75AB0DA6}.Development|HTML5.ActiveCfg = HTML5_Development|Win32
		{20BD498D-D7BD-41D9-90E1-2AAF75AB0DA6}.Development|HTML5.Build.0 = HTML5_Development|Win32
		{20BD498D-D7BD-41D9-90E1-2AAF75AB0DA6}.Development|Win32.ActiveCfg = Development|Win32
		{20BD498D-D7BD-41D9-90E1-2AAF75AB0DA6}.Development|Win32.Build.0 = Development|Win32
		{20BD498D-D7BD-41D9-90E1-2AAF75AB0DA6}.Development|Win64.ActiveCfg = Development|x64
		{20BD498D-D7BD-41D9-90E1-2AAF75AB0DA6}.Development|Win64.Build.0 = Development|x64
		{20BD498D-D7BD-41D9-90E1-2AAF75AB0DA6}.Shipping|HTML5.ActiveCfg = HTML5_Shipping|Win32
		{20BD498D-D7BD-41D9-90E1-2AAF75AB0DA6}.Shipping|HTML5.Build.0 = HTML5_Shipping|Win32
		{20BD498D-D7BD-41D9-90E1-2AAF75AB0DA6}.Shipping|Win32.ActiveCfg = Shipping|Win32
		{20BD498D-D7BD-41D9-90E1-2AAF75AB0DA6}.Shipping|Win32.Build.0 = Shipping|Win32
		{20BD498D-D7BD-41D9-90E1-2AAF75AB0DA6}.Shipping|Win64.ActiveCfg = Shipping|x64
		{20BD498D-D7BD-41D9-90E1-2AAF75AB0DA6}.Shipping|Win64.Build.0 = Shipping|x64
	EndGlobalSection
	GlobalSection(SolutionProperties) = preSolution
		HideSolutionNode = FALSE
	EndGlobalSection
	GlobalSection(NestedProjects) = preSolution
		{D0A7C3EB-C40E-4BFA-96E0-44CB2B60047D} = {9135111B-7A7F-4477-82A7-A3E603CEB6E3}
		{20BD498D-D7BD-41D9-90E1-2AAF75AB0DA6} = {0B1A860C-D31A-44F9-9BF1-7A0DC47365E9}
	EndGlobalSection
EndGlobal
